lockfile_version: '1'
generated_at: '2026-09-16T16:26:50.035539+00:00'
apm_version: 0.28.0
dependencies:
- repo_url: ministryofjustice/ai-toolkit
  name: universal
  host: github.com
  resolved_commit: e9176f7a67cbef3761a4e82182c6a3c309e9154b
  resolved_ref: main
  version: 1.0.0
  virtual_path: toolkits/universal
  is_virtual: true
  package_type: apm_package
  content_hash: sha256:f503de05a01685575188eee0610cafd4ac2ed0688bf4848d16f5f5e0c41ab435
deployments: []
mcp_servers:
- github
mcp_configs:
  github:
    name: github
    transport: http
    registry: false
    url: https://api.githubcopilot.com/mcp/
mcp_config_provenance:
  github: universal
